
Microsoft Visual Studio Solution File, Format Version 12.00
# Visual Studio Version 16
VisualStudioVersion = 16.0.28729.10
MinimumVisualStudioVersion = 10.0.40219.1
Project("{FAE04EC0-301F-11D3-BF4B-00C04F79EFBC}") = "BrawlCrate", "BrawlCrate\BrawlCrate.csproj", "{0B8588FD-74EE-4A7D-A397-91EA3F6A2C77}"
	ProjectSection(ProjectDependencies) = postProject
		{9FAFC886-08B5-4922-BECC-E03D84FF15B0} = {9FAFC886-08B5-4922-BECC-E03D84FF15B0}
		{D72045EE-2630-49F1-9668-435FDA84D73A} = {D72045EE-2630-49F1-9668-435FDA84D73A}
	EndProjectSection
EndProject
Project("{FAE04EC0-301F-11D3-BF4B-00C04F79EFBC}") = "BrawlLib", "BrawlLib\BrawlLib.csproj", "{462D0BBF-CE82-405B-8848-2F91E9E14C55}"
EndProject
Project("{FAE04EC0-301F-11D3-BF4B-00C04F79EFBC}") = "Net", "Updater\Net.csproj", "{9FAFC886-08B5-4922-BECC-E03D84FF15B0}"
EndProject
Project("{8BC9CEB8-8B4A-11D0-8D11-00A0C91BC942}") = "sawndz", "sawndz\sawndz.vcxproj", "{D72045EE-2630-49F1-9668-435FDA84D73A}"
EndProject
Global
	GlobalSection(SolutionConfigurationPlatforms) = preSolution
		Debug|Any CPU = Debug|Any CPU
		Debug|x64 = Debug|x64
		Debug|x86 = Debug|x86
		Documentation|Any CPU = Documentation|Any CPU
		Documentation|x64 = Documentation|x64
		Documentation|x86 = Documentation|x86
		FullRelease|Any CPU = FullRelease|Any CPU
		FullRelease|x64 = FullRelease|x64
		FullRelease|x86 = FullRelease|x86
		Release|Any CPU = Release|Any CPU
		Release|x64 = Release|x64
		Release|x86 = Release|x86
	EndGlobalSection
	GlobalSection(ProjectConfigurationPlatforms) = postSolution
		{0B8588FD-74EE-4A7D-A397-91EA3F6A2C77}.Debug|Any CPU.ActiveCfg = Debug|Any CPU
		{0B8588FD-74EE-4A7D-A397-91EA3F6A2C77}.Debug|Any CPU.Build.0 = Debug|Any CPU
		{0B8588FD-74EE-4A7D-A397-91EA3F6A2C77}.Debug|x64.ActiveCfg = Debug|x64
		{0B8588FD-74EE-4A7D-A397-91EA3F6A2C77}.Debug|x64.Build.0 = Debug|x64
		{0B8588FD-74EE-4A7D-A397-91EA3F6A2C77}.Debug|x86.ActiveCfg = Debug|x86
		{0B8588FD-74EE-4A7D-A397-91EA3F6A2C77}.Debug|x86.Build.0 = Debug|x86
		{0B8588FD-74EE-4A7D-A397-91EA3F6A2C77}.Documentation|Any CPU.ActiveCfg = Documentation|Any CPU
		{0B8588FD-74EE-4A7D-A397-91EA3F6A2C77}.Documentation|Any CPU.Build.0 = Documentation|Any CPU
		{0B8588FD-74EE-4A7D-A397-91EA3F6A2C77}.Documentation|x64.ActiveCfg = Documentation|x64
		{0B8588FD-74EE-4A7D-A397-91EA3F6A2C77}.Documentation|x64.Build.0 = Documentation|x64
		{0B8588FD-74EE-4A7D-A397-91EA3F6A2C77}.Documentation|x86.ActiveCfg = Documentation|x86
		{0B8588FD-74EE-4A7D-A397-91EA3F6A2C77}.Documentation|x86.Build.0 = Documentation|x86
		{0B8588FD-74EE-4A7D-A397-91EA3F6A2C77}.FullRelease|Any CPU.ActiveCfg = FullRelease|Any CPU
		{0B8588FD-74EE-4A7D-A397-91EA3F6A2C77}.FullRelease|Any CPU.Build.0 = FullRelease|Any CPU
		{0B8588FD-74EE-4A7D-A397-91EA3F6A2C77}.FullRelease|x64.ActiveCfg = FullRelease|x64
		{0B8588FD-74EE-4A7D-A397-91EA3F6A2C77}.FullRelease|x64.Build.0 = FullRelease|x64
		{0B8588FD-74EE-4A7D-A397-91EA3F6A2C77}.FullRelease|x86.ActiveCfg = FullRelease|x86
		{0B8588FD-74EE-4A7D-A397-91EA3F6A2C77}.FullRelease|x86.Build.0 = FullRelease|x86
		{0B8588FD-74EE-4A7D-A397-91EA3F6A2C77}.Release|Any CPU.ActiveCfg = Release|Any CPU
		{0B8588FD-74EE-4A7D-A397-91EA3F6A2C77}.Release|Any CPU.Build.0 = Release|Any CPU
		{0B8588FD-74EE-4A7D-A397-91EA3F6A2C77}.Release|x64.ActiveCfg = Release|x64
		{0B8588FD-74EE-4A7D-A397-91EA3F6A2C77}.Release|x64.Build.0 = Release|x64
		{0B8588FD-74EE-4A7D-A397-91EA3F6A2C77}.Release|x86.ActiveCfg = Release|x86
		{0B8588FD-74EE-4A7D-A397-91EA3F6A2C77}.Release|x86.Build.0 = Release|x86
		{462D0BBF-CE82-405B-8848-2F91E9E14C55}.Debug|Any CPU.ActiveCfg = Debug|Any CPU
		{462D0BBF-CE82-405B-8848-2F91E9E14C55}.Debug|Any CPU.Build.0 = Debug|Any CPU
		{462D0BBF-CE82-405B-8848-2F91E9E14C55}.Debug|x64.ActiveCfg = Debug|x64
		{462D0BBF-CE82-405B-8848-2F91E9E14C55}.Debug|x64.Build.0 = Debug|x64
		{462D0BBF-CE82-405B-8848-2F91E9E14C55}.Debug|x86.ActiveCfg = Debug|x86
		{462D0BBF-CE82-405B-8848-2F91E9E14C55}.Debug|x86.Build.0 = Debug|x86
		{462D0BBF-CE82-405B-8848-2F91E9E14C55}.Documentation|Any CPU.ActiveCfg = Documentation|Any CPU
		{462D0BBF-CE82-405B-8848-2F91E9E14C55}.Documentation|Any CPU.Build.0 = Documentation|Any CPU
		{462D0BBF-CE82-405B-8848-2F91E9E14C55}.Documentation|x64.ActiveCfg = Documentation|x64
		{462D0BBF-CE82-405B-8848-2F91E9E14C55}.Documentation|x64.Build.0 = Documentation|x64
		{462D0BBF-CE82-405B-8848-2F91E9E14C55}.Documentation|x86.ActiveCfg = Documentation|x86
		{462D0BBF-CE82-405B-8848-2F91E9E14C55}.Documentation|x86.Build.0 = Documentation|x86
		{462D0BBF-CE82-405B-8848-2F91E9E14C55}.FullRelease|Any CPU.ActiveCfg = Release|Any CPU
		{462D0BBF-CE82-405B-8848-2F91E9E14C55}.FullRelease|Any CPU.Build.0 = Release|Any CPU
		{462D0BBF-CE82-405B-8848-2F91E9E14C55}.FullRelease|x64.ActiveCfg = Release|x64
		{462D0BBF-CE82-405B-8848-2F91E9E14C55}.FullRelease|x64.Build.0 = Release|x64
		{462D0BBF-CE82-405B-8848-2F91E9E14C55}.FullRelease|x86.ActiveCfg = Release|x86
		{462D0BBF-CE82-405B-8848-2F91E9E14C55}.FullRelease|x86.Build.0 = Release|x86
		{462D0BBF-CE82-405B-8848-2F91E9E14C55}.Release|Any CPU.ActiveCfg = Release|Any CPU
		{462D0BBF-CE82-405B-8848-2F91E9E14C55}.Release|Any CPU.Build.0 = Release|Any CPU
		{462D0BBF-CE82-405B-8848-2F91E9E14C55}.Release|x64.ActiveCfg = Release|x64
		{462D0BBF-CE82-405B-8848-2F91E9E14C55}.Release|x64.Build.0 = Release|x64
		{462D0BBF-CE82-405B-8848-2F91E9E14C55}.Release|x86.ActiveCfg = Release|x86
		{462D0BBF-CE82-405B-8848-2F91E9E14C55}.Release|x86.Build.0 = Release|x86
		{9FAFC886-08B5-4922-BECC-E03D84FF15B0}.Debug|Any CPU.ActiveCfg = Debug|Any CPU
		{9FAFC886-08B5-4922-BECC-E03D84FF15B0}.Debug|Any CPU.Build.0 = Debug|Any CPU
		{9FAFC886-08B5-4922-BECC-E03D84FF15B0}.Debug|x64.ActiveCfg = Debug|x64
		{9FAFC886-08B5-4922-BECC-E03D84FF15B0}.Debug|x64.Build.0 = Debug|x64
		{9FAFC886-08B5-4922-BECC-E03D84FF15B0}.Debug|x86.ActiveCfg = Debug|x86
		{9FAFC886-08B5-4922-BECC-E03D84FF15B0}.Debug|x86.Build.0 = Debug|x86
		{9FAFC886-08B5-4922-BECC-E03D84FF15B0}.Documentation|Any CPU.ActiveCfg = Debug|Any CPU
		{9FAFC886-08B5-4922-BECC-E03D84FF15B0}.Documentation|Any CPU.Build.0 = Debug|Any CPU
		{9FAFC886-08B5-4922-BECC-E03D84FF15B0}.Documentation|x64.ActiveCfg = Debug|x64
		{9FAFC886-08B5-4922-BECC-E03D84FF15B0}.Documentation|x64.Build.0 = Debug|x64
		{9FAFC886-08B5-4922-BECC-E03D84FF15B0}.Documentation|x86.ActiveCfg = Release|x86
		{9FAFC886-08B5-4922-BECC-E03D84FF15B0}.FullRelease|Any CPU.ActiveCfg = Release|Any CPU
		{9FAFC886-08B5-4922-BECC-E03D84FF15B0}.FullRelease|Any CPU.Build.0 = Release|Any CPU
		{9FAFC886-08B5-4922-BECC-E03D84FF15B0}.FullRelease|x64.ActiveCfg = Release|x64
		{9FAFC886-08B5-4922-BECC-E03D84FF15B0}.FullRelease|x64.Build.0 = Release|x64
		{9FAFC886-08B5-4922-BECC-E03D84FF15B0}.FullRelease|x86.ActiveCfg = Release|x86
		{9FAFC886-08B5-4922-BECC-E03D84FF15B0}.FullRelease|x86.Build.0 = Release|x86
		{9FAFC886-08B5-4922-BECC-E03D84FF15B0}.Release|Any CPU.ActiveCfg = Release|Any CPU
		{9FAFC886-08B5-4922-BECC-E03D84FF15B0}.Release|Any CPU.Build.0 = Release|Any CPU
		{9FAFC886-08B5-4922-BECC-E03D84FF15B0}.Release|x64.ActiveCfg = Release|x64
		{9FAFC886-08B5-4922-BECC-E03D84FF15B0}.Release|x64.Build.0 = Release|x64
		{9FAFC886-08B5-4922-BECC-E03D84FF15B0}.Release|x86.ActiveCfg = Release|x86
		{9FAFC886-08B5-4922-BECC-E03D84FF15B0}.Release|x86.Build.0 = Release|x86
		{D72045EE-2630-49F1-9668-435FDA84D73A}.Debug|Any CPU.ActiveCfg = Debug|Win32
		{D72045EE-2630-49F1-9668-435FDA84D73A}.Debug|x64.ActiveCfg = Debug|Win32
		{D72045EE-2630-49F1-9668-435FDA84D73A}.Debug|x86.ActiveCfg = Debug|Win32
		{D72045EE-2630-49F1-9668-435FDA84D73A}.Debug|x86.Build.0 = Debug|Win32
		{D72045EE-2630-49F1-9668-435FDA84D73A}.Documentation|Any CPU.ActiveCfg = Release|Win32
		{D72045EE-2630-49F1-9668-435FDA84D73A}.Documentation|Any CPU.Build.0 = Release|Win32
		{D72045EE-2630-49F1-9668-435FDA84D73A}.Documentation|x64.ActiveCfg = Release|Win32
		{D72045EE-2630-49F1-9668-435FDA84D73A}.Documentation|x64.Build.0 = Release|Win32
		{D72045EE-2630-49F1-9668-435FDA84D73A}.Documentation|x86.ActiveCfg = Release|Win32
		{D72045EE-2630-49F1-9668-435FDA84D73A}.FullRelease|Any CPU.ActiveCfg = FullRelease|Win32
		{D72045EE-2630-49F1-9668-435FDA84D73A}.FullRelease|x64.ActiveCfg = FullRelease|Win32
		{D72045EE-2630-49F1-9668-435FDA84D73A}.FullRelease|x86.ActiveCfg = Release|Win32
		{D72045EE-2630-49F1-9668-435FDA84D73A}.FullRelease|x86.Build.0 = Release|Win32
		{D72045EE-2630-49F1-9668-435FDA84D73A}.Release|Any CPU.ActiveCfg = Release|Win32
		{D72045EE-2630-49F1-9668-435FDA84D73A}.Release|x64.ActiveCfg = Release|Win32
		{D72045EE-2630-49F1-9668-435FDA84D73A}.Release|x86.ActiveCfg = Release|Win32
		{D72045EE-2630-49F1-9668-435FDA84D73A}.Release|x86.Build.0 = Release|Win32
	EndGlobalSection
	GlobalSection(SolutionProperties) = preSolution
		HideSolutionNode = FALSE
	EndGlobalSection
	GlobalSection(ExtensibilityGlobals) = postSolution
		SolutionGuid = {F1A0F4E6-75C5-4BDE-84CB-65AB75BC1F1B}
	EndGlobalSection
	GlobalSection(MonoDevelopProperties) = preSolution
		StartupItem = BrawlCrate\BrawlCrate.csproj
	EndGlobalSection
EndGlobal
