
Microsoft Visual Studio Solution File, Format Version 12.00
# Visual Studio 15
VisualStudioVersion = 15.0.27428.2027
MinimumVisualStudioVersion = 10.0.40219.1
Project("{FAE04EC0-301F-11D3-BF4B-00C04F79EFBC}") = "BrawlCrate", "BrawlCrate\BrawlCrate.csproj", "{0B8588FD-74EE-4A7D-A397-91EA3F6A2C77}"
	ProjectSection(ProjectDependencies) = postProject
		{9FAFC886-08B5-4922-BECC-E03D84FF15B0} = {9FAFC886-08B5-4922-BECC-E03D84FF15B0}
		{D72045EE-2630-49F1-9668-435FDA84D73A} = {D72045EE-2630-49F1-9668-435FDA84D73A}
	EndProjectSection
EndProject
Project("{FAE04EC0-301F-11D3-BF4B-00C04F79EFBC}") = "BrawlLib", "BrawlLib\BrawlLib.csproj", "{462D0BBF-CE82-405B-8848-2F91E9E14C55}"
EndProject
Project("{FAE04EC0-301F-11D3-BF4B-00C04F79EFBC}") = "Net", "Updater\Net.csproj", "{9FAFC886-08B5-4922-BECC-E03D84FF15B0}"
EndProject
Project("{8BC9CEB8-8B4A-11D0-8D11-00A0C91BC942}") = "sawndz", "sawndz\sawndz.vcxproj", "{D72045EE-2630-49F1-9668-435FDA84D73A}"
EndProject
Project("{FAE04EC0-301F-11D3-BF4B-00C04F79EFBC}") = "BrawlManagerLib", "BrawlManagerLib\BrawlManagerLib.csproj", "{B5D693D8-3952-44F9-8952-8C1AF74F0634}"
EndProject
Project("{FAE04EC0-301F-11D3-BF4B-00C04F79EFBC}") = "SongManager", "SongManager\SongManager.csproj", "{B2BE7A35-376E-4D62-96FA-DB400B958D05}"
EndProject
Project("{FAE04EC0-301F-11D3-BF4B-00C04F79EFBC}") = "StageManager", "StageManager\StageManager.csproj", "{758AE6D5-2133-4194-A36C-F371AE01A7C5}"
EndProject
Project("{FAE04EC0-301F-11D3-BF4B-00C04F79EFBC}") = "SSSEditor", "SSSEditor\SSSEditor.csproj", "{C4766086-7E0F-439E-9D24-E07993D3438B}"
EndProject
Project("{FAE04EC0-301F-11D3-BF4B-00C04F79EFBC}") = "CostumeManager", "CostumeManager\CostumeManager.csproj", "{2E981767-915A-412B-A069-10AA5F423EBD}"
EndProject
Global
	GlobalSection(SolutionConfigurationPlatforms) = preSolution
		Debug|Any CPU = Debug|Any CPU
		Debug|x64 = Debug|x64
		Debug|x86 = Debug|x86
		Documentation|Any CPU = Documentation|Any CPU
		Documentation|x64 = Documentation|x64
		Documentation|x86 = Documentation|x86
		Release|Any CPU = Release|Any CPU
		Release|x64 = Release|x64
		Release|x86 = Release|x86
		TestRelease|Any CPU = TestRelease|Any CPU
		TestRelease|x64 = TestRelease|x64
		TestRelease|x86 = TestRelease|x86
	EndGlobalSection
	GlobalSection(ProjectConfigurationPlatforms) = postSolution
		{0B8588FD-74EE-4A7D-A397-91EA3F6A2C77}.Debug|Any CPU.ActiveCfg = Debug|Any CPU
		{0B8588FD-74EE-4A7D-A397-91EA3F6A2C77}.Debug|Any CPU.Build.0 = Debug|Any CPU
		{0B8588FD-74EE-4A7D-A397-91EA3F6A2C77}.Debug|x64.ActiveCfg = Debug|x64
		{0B8588FD-74EE-4A7D-A397-91EA3F6A2C77}.Debug|x64.Build.0 = Debug|x64
		{0B8588FD-74EE-4A7D-A397-91EA3F6A2C77}.Debug|x86.ActiveCfg = Debug|x86
		{0B8588FD-74EE-4A7D-A397-91EA3F6A2C77}.Debug|x86.Build.0 = Debug|x86
		{0B8588FD-74EE-4A7D-A397-91EA3F6A2C77}.Documentation|Any CPU.ActiveCfg = Documentation|Any CPU
		{0B8588FD-74EE-4A7D-A397-91EA3F6A2C77}.Documentation|Any CPU.Build.0 = Documentation|Any CPU
		{0B8588FD-74EE-4A7D-A397-91EA3F6A2C77}.Documentation|x64.ActiveCfg = Documentation|x64
		{0B8588FD-74EE-4A7D-A397-91EA3F6A2C77}.Documentation|x64.Build.0 = Documentation|x64
		{0B8588FD-74EE-4A7D-A397-91EA3F6A2C77}.Documentation|x86.ActiveCfg = Documentation|x86
		{0B8588FD-74EE-4A7D-A397-91EA3F6A2C77}.Documentation|x86.Build.0 = Documentation|x86
		{0B8588FD-74EE-4A7D-A397-91EA3F6A2C77}.Release|Any CPU.ActiveCfg = Release|Any CPU
		{0B8588FD-74EE-4A7D-A397-91EA3F6A2C77}.Release|Any CPU.Build.0 = Release|Any CPU
		{0B8588FD-74EE-4A7D-A397-91EA3F6A2C77}.Release|x64.ActiveCfg = Release|x64
		{0B8588FD-74EE-4A7D-A397-91EA3F6A2C77}.Release|x64.Build.0 = Release|x64
		{0B8588FD-74EE-4A7D-A397-91EA3F6A2C77}.Release|x86.ActiveCfg = Release|x86
		{0B8588FD-74EE-4A7D-A397-91EA3F6A2C77}.Release|x86.Build.0 = Release|x86
		{0B8588FD-74EE-4A7D-A397-91EA3F6A2C77}.TestRelease|Any CPU.ActiveCfg = TestRelease|Any CPU
		{0B8588FD-74EE-4A7D-A397-91EA3F6A2C77}.TestRelease|Any CPU.Build.0 = TestRelease|Any CPU
		{0B8588FD-74EE-4A7D-A397-91EA3F6A2C77}.TestRelease|x64.ActiveCfg = TestRelease|x64
		{0B8588FD-74EE-4A7D-A397-91EA3F6A2C77}.TestRelease|x64.Build.0 = TestRelease|x64
		{0B8588FD-74EE-4A7D-A397-91EA3F6A2C77}.TestRelease|x86.ActiveCfg = TestRelease|x86
		{0B8588FD-74EE-4A7D-A397-91EA3F6A2C77}.TestRelease|x86.Build.0 = TestRelease|x86
		{462D0BBF-CE82-405B-8848-2F91E9E14C55}.Debug|Any CPU.ActiveCfg = Debug|Any CPU
		{462D0BBF-CE82-405B-8848-2F91E9E14C55}.Debug|Any CPU.Build.0 = Debug|Any CPU
		{462D0BBF-CE82-405B-8848-2F91E9E14C55}.Debug|x64.ActiveCfg = Debug|x64
		{462D0BBF-CE82-405B-8848-2F91E9E14C55}.Debug|x64.Build.0 = Debug|x64
		{462D0BBF-CE82-405B-8848-2F91E9E14C55}.Debug|x86.ActiveCfg = Debug|x86
		{462D0BBF-CE82-405B-8848-2F91E9E14C55}.Debug|x86.Build.0 = Debug|x86
		{462D0BBF-CE82-405B-8848-2F91E9E14C55}.Documentation|Any CPU.ActiveCfg = Documentation|Any CPU
		{462D0BBF-CE82-405B-8848-2F91E9E14C55}.Documentation|Any CPU.Build.0 = Documentation|Any CPU
		{462D0BBF-CE82-405B-8848-2F91E9E14C55}.Documentation|x64.ActiveCfg = Documentation|x64
		{462D0BBF-CE82-405B-8848-2F91E9E14C55}.Documentation|x64.Build.0 = Documentation|x64
		{462D0BBF-CE82-405B-8848-2F91E9E14C55}.Documentation|x86.ActiveCfg = Documentation|x86
		{462D0BBF-CE82-405B-8848-2F91E9E14C55}.Documentation|x86.Build.0 = Documentation|x86
		{462D0BBF-CE82-405B-8848-2F91E9E14C55}.Release|Any CPU.ActiveCfg = Release|Any CPU
		{462D0BBF-CE82-405B-8848-2F91E9E14C55}.Release|Any CPU.Build.0 = Release|Any CPU
		{462D0BBF-CE82-405B-8848-2F91E9E14C55}.Release|x64.ActiveCfg = Release|x64
		{462D0BBF-CE82-405B-8848-2F91E9E14C55}.Release|x64.Build.0 = Release|x64
		{462D0BBF-CE82-405B-8848-2F91E9E14C55}.Release|x86.ActiveCfg = Release|x86
		{462D0BBF-CE82-405B-8848-2F91E9E14C55}.Release|x86.Build.0 = Release|x86
		{462D0BBF-CE82-405B-8848-2F91E9E14C55}.TestRelease|Any CPU.ActiveCfg = TestRelease|Any CPU
		{462D0BBF-CE82-405B-8848-2F91E9E14C55}.TestRelease|Any CPU.Build.0 = TestRelease|Any CPU
		{462D0BBF-CE82-405B-8848-2F91E9E14C55}.TestRelease|x64.ActiveCfg = TestRelease|x64
		{462D0BBF-CE82-405B-8848-2F91E9E14C55}.TestRelease|x64.Build.0 = TestRelease|x64
		{462D0BBF-CE82-405B-8848-2F91E9E14C55}.TestRelease|x86.ActiveCfg = TestRelease|x86
		{462D0BBF-CE82-405B-8848-2F91E9E14C55}.TestRelease|x86.Build.0 = TestRelease|x86
		{9FAFC886-08B5-4922-BECC-E03D84FF15B0}.Debug|Any CPU.ActiveCfg = Debug|Any CPU
		{9FAFC886-08B5-4922-BECC-E03D84FF15B0}.Debug|Any CPU.Build.0 = Debug|Any CPU
		{9FAFC886-08B5-4922-BECC-E03D84FF15B0}.Debug|x64.ActiveCfg = Debug|x64
		{9FAFC886-08B5-4922-BECC-E03D84FF15B0}.Debug|x64.Build.0 = Debug|x64
		{9FAFC886-08B5-4922-BECC-E03D84FF15B0}.Debug|x86.ActiveCfg = Debug|x86
		{9FAFC886-08B5-4922-BECC-E03D84FF15B0}.Debug|x86.Build.0 = Debug|x86
		{9FAFC886-08B5-4922-BECC-E03D84FF15B0}.Documentation|Any CPU.ActiveCfg = Documentation|Any CPU
		{9FAFC886-08B5-4922-BECC-E03D84FF15B0}.Documentation|Any CPU.Build.0 = Documentation|Any CPU
		{9FAFC886-08B5-4922-BECC-E03D84FF15B0}.Documentation|x64.ActiveCfg = Documentation|x64
		{9FAFC886-08B5-4922-BECC-E03D84FF15B0}.Documentation|x64.Build.0 = Documentation|x64
		{9FAFC886-08B5-4922-BECC-E03D84FF15B0}.Documentation|x86.ActiveCfg = Documentation|x86
		{9FAFC886-08B5-4922-BECC-E03D84FF15B0}.Documentation|x86.Build.0 = Documentation|x86
		{9FAFC886-08B5-4922-BECC-E03D84FF15B0}.Release|Any CPU.ActiveCfg = Release|Any CPU
		{9FAFC886-08B5-4922-BECC-E03D84FF15B0}.Release|Any CPU.Build.0 = Release|Any CPU
		{9FAFC886-08B5-4922-BECC-E03D84FF15B0}.Release|x64.ActiveCfg = Release|x64
		{9FAFC886-08B5-4922-BECC-E03D84FF15B0}.Release|x64.Build.0 = Release|x64
		{9FAFC886-08B5-4922-BECC-E03D84FF15B0}.Release|x86.ActiveCfg = Release|x86
		{9FAFC886-08B5-4922-BECC-E03D84FF15B0}.Release|x86.Build.0 = Release|x86
		{9FAFC886-08B5-4922-BECC-E03D84FF15B0}.TestRelease|Any CPU.ActiveCfg = TestRelease|Any CPU
		{9FAFC886-08B5-4922-BECC-E03D84FF15B0}.TestRelease|Any CPU.Build.0 = TestRelease|Any CPU
		{9FAFC886-08B5-4922-BECC-E03D84FF15B0}.TestRelease|x64.ActiveCfg = TestRelease|x64
		{9FAFC886-08B5-4922-BECC-E03D84FF15B0}.TestRelease|x64.Build.0 = TestRelease|x64
		{9FAFC886-08B5-4922-BECC-E03D84FF15B0}.TestRelease|x86.ActiveCfg = TestRelease|x86
		{9FAFC886-08B5-4922-BECC-E03D84FF15B0}.TestRelease|x86.Build.0 = TestRelease|x86
		{D72045EE-2630-49F1-9668-435FDA84D73A}.Debug|Any CPU.ActiveCfg = Debug|Win32
		{D72045EE-2630-49F1-9668-435FDA84D73A}.Debug|x64.ActiveCfg = Debug|Win32
		{D72045EE-2630-49F1-9668-435FDA84D73A}.Debug|x86.ActiveCfg = Debug|Win32
		{D72045EE-2630-49F1-9668-435FDA84D73A}.Debug|x86.Build.0 = Debug|Win32
		{D72045EE-2630-49F1-9668-435FDA84D73A}.Documentation|Any CPU.ActiveCfg = Release|Win32
		{D72045EE-2630-49F1-9668-435FDA84D73A}.Documentation|Any CPU.Build.0 = Release|Win32
		{D72045EE-2630-49F1-9668-435FDA84D73A}.Documentation|x64.ActiveCfg = Release|Win32
		{D72045EE-2630-49F1-9668-435FDA84D73A}.Documentation|x64.Build.0 = Release|Win32
		{D72045EE-2630-49F1-9668-435FDA84D73A}.Documentation|x86.ActiveCfg = Release|Win32
		{D72045EE-2630-49F1-9668-435FDA84D73A}.Documentation|x86.Build.0 = Release|Win32
		{D72045EE-2630-49F1-9668-435FDA84D73A}.Release|Any CPU.ActiveCfg = Release|Win32
		{D72045EE-2630-49F1-9668-435FDA84D73A}.Release|x64.ActiveCfg = Release|Win32
		{D72045EE-2630-49F1-9668-435FDA84D73A}.Release|x86.ActiveCfg = Release|Win32
		{D72045EE-2630-49F1-9668-435FDA84D73A}.Release|x86.Build.0 = Release|Win32
		{D72045EE-2630-49F1-9668-435FDA84D73A}.TestRelease|Any CPU.ActiveCfg = Release|Win32
		{D72045EE-2630-49F1-9668-435FDA84D73A}.TestRelease|Any CPU.Build.0 = Release|Win32
		{D72045EE-2630-49F1-9668-435FDA84D73A}.TestRelease|x64.ActiveCfg = Release|Win32
		{D72045EE-2630-49F1-9668-435FDA84D73A}.TestRelease|x64.Build.0 = Release|Win32
		{D72045EE-2630-49F1-9668-435FDA84D73A}.TestRelease|x86.ActiveCfg = Release|Win32
		{D72045EE-2630-49F1-9668-435FDA84D73A}.TestRelease|x86.Build.0 = Release|Win32
		{B5D693D8-3952-44F9-8952-8C1AF74F0634}.Debug|Any CPU.ActiveCfg = Debug|Any CPU
		{B5D693D8-3952-44F9-8952-8C1AF74F0634}.Debug|Any CPU.Build.0 = Debug|Any CPU
		{B5D693D8-3952-44F9-8952-8C1AF74F0634}.Debug|x64.ActiveCfg = Debug|Any CPU
		{B5D693D8-3952-44F9-8952-8C1AF74F0634}.Debug|x64.Build.0 = Debug|Any CPU
		{B5D693D8-3952-44F9-8952-8C1AF74F0634}.Debug|x86.ActiveCfg = Debug|x86
		{B5D693D8-3952-44F9-8952-8C1AF74F0634}.Debug|x86.Build.0 = Debug|x86
		{B5D693D8-3952-44F9-8952-8C1AF74F0634}.Documentation|Any CPU.ActiveCfg = Debug|Any CPU
		{B5D693D8-3952-44F9-8952-8C1AF74F0634}.Documentation|Any CPU.Build.0 = Debug|Any CPU
		{B5D693D8-3952-44F9-8952-8C1AF74F0634}.Documentation|x64.ActiveCfg = Debug|Any CPU
		{B5D693D8-3952-44F9-8952-8C1AF74F0634}.Documentation|x64.Build.0 = Debug|Any CPU
		{B5D693D8-3952-44F9-8952-8C1AF74F0634}.Documentation|x86.ActiveCfg = Debug|x86
		{B5D693D8-3952-44F9-8952-8C1AF74F0634}.Documentation|x86.Build.0 = Debug|x86
		{B5D693D8-3952-44F9-8952-8C1AF74F0634}.Release|Any CPU.ActiveCfg = Release|Any CPU
		{B5D693D8-3952-44F9-8952-8C1AF74F0634}.Release|Any CPU.Build.0 = Release|Any CPU
		{B5D693D8-3952-44F9-8952-8C1AF74F0634}.Release|x64.ActiveCfg = Release|Any CPU
		{B5D693D8-3952-44F9-8952-8C1AF74F0634}.Release|x64.Build.0 = Release|Any CPU
		{B5D693D8-3952-44F9-8952-8C1AF74F0634}.Release|x86.ActiveCfg = Release|x86
		{B5D693D8-3952-44F9-8952-8C1AF74F0634}.Release|x86.Build.0 = Release|x86
		{B5D693D8-3952-44F9-8952-8C1AF74F0634}.TestRelease|Any CPU.ActiveCfg = Release|Any CPU
		{B5D693D8-3952-44F9-8952-8C1AF74F0634}.TestRelease|Any CPU.Build.0 = Release|Any CPU
		{B5D693D8-3952-44F9-8952-8C1AF74F0634}.TestRelease|x64.ActiveCfg = Release|Any CPU
		{B5D693D8-3952-44F9-8952-8C1AF74F0634}.TestRelease|x64.Build.0 = Release|Any CPU
		{B5D693D8-3952-44F9-8952-8C1AF74F0634}.TestRelease|x86.ActiveCfg = Release|x86
		{B5D693D8-3952-44F9-8952-8C1AF74F0634}.TestRelease|x86.Build.0 = Release|x86
		{B2BE7A35-376E-4D62-96FA-DB400B958D05}.Debug|Any CPU.ActiveCfg = Debug|Any CPU
		{B2BE7A35-376E-4D62-96FA-DB400B958D05}.Debug|Any CPU.Build.0 = Debug|Any CPU
		{B2BE7A35-376E-4D62-96FA-DB400B958D05}.Debug|x64.ActiveCfg = Debug|Any CPU
		{B2BE7A35-376E-4D62-96FA-DB400B958D05}.Debug|x64.Build.0 = Debug|Any CPU
		{B2BE7A35-376E-4D62-96FA-DB400B958D05}.Debug|x86.ActiveCfg = Debug|x86
		{B2BE7A35-376E-4D62-96FA-DB400B958D05}.Debug|x86.Build.0 = Debug|x86
		{B2BE7A35-376E-4D62-96FA-DB400B958D05}.Documentation|Any CPU.ActiveCfg = Debug|Any CPU
		{B2BE7A35-376E-4D62-96FA-DB400B958D05}.Documentation|Any CPU.Build.0 = Debug|Any CPU
		{B2BE7A35-376E-4D62-96FA-DB400B958D05}.Documentation|x64.ActiveCfg = Debug|Any CPU
		{B2BE7A35-376E-4D62-96FA-DB400B958D05}.Documentation|x64.Build.0 = Debug|Any CPU
		{B2BE7A35-376E-4D62-96FA-DB400B958D05}.Documentation|x86.ActiveCfg = Debug|x86
		{B2BE7A35-376E-4D62-96FA-DB400B958D05}.Documentation|x86.Build.0 = Debug|x86
		{B2BE7A35-376E-4D62-96FA-DB400B958D05}.Release|Any CPU.ActiveCfg = Release|Any CPU
		{B2BE7A35-376E-4D62-96FA-DB400B958D05}.Release|Any CPU.Build.0 = Release|Any CPU
		{B2BE7A35-376E-4D62-96FA-DB400B958D05}.Release|x64.ActiveCfg = Release|Any CPU
		{B2BE7A35-376E-4D62-96FA-DB400B958D05}.Release|x64.Build.0 = Release|Any CPU
		{B2BE7A35-376E-4D62-96FA-DB400B958D05}.Release|x86.ActiveCfg = Release|x86
		{B2BE7A35-376E-4D62-96FA-DB400B958D05}.Release|x86.Build.0 = Release|x86
		{B2BE7A35-376E-4D62-96FA-DB400B958D05}.TestRelease|Any CPU.ActiveCfg = Release|Any CPU
		{B2BE7A35-376E-4D62-96FA-DB400B958D05}.TestRelease|Any CPU.Build.0 = Release|Any CPU
		{B2BE7A35-376E-4D62-96FA-DB400B958D05}.TestRelease|x64.ActiveCfg = Release|Any CPU
		{B2BE7A35-376E-4D62-96FA-DB400B958D05}.TestRelease|x64.Build.0 = Release|Any CPU
		{B2BE7A35-376E-4D62-96FA-DB400B958D05}.TestRelease|x86.ActiveCfg = Release|x86
		{B2BE7A35-376E-4D62-96FA-DB400B958D05}.TestRelease|x86.Build.0 = Release|x86
		{758AE6D5-2133-4194-A36C-F371AE01A7C5}.Debug|Any CPU.ActiveCfg = Debug|Any CPU
		{758AE6D5-2133-4194-A36C-F371AE01A7C5}.Debug|Any CPU.Build.0 = Debug|Any CPU
		{758AE6D5-2133-4194-A36C-F371AE01A7C5}.Debug|x64.ActiveCfg = Debug|Any CPU
		{758AE6D5-2133-4194-A36C-F371AE01A7C5}.Debug|x64.Build.0 = Debug|Any CPU
		{758AE6D5-2133-4194-A36C-F371AE01A7C5}.Debug|x86.ActiveCfg = Debug|x86
		{758AE6D5-2133-4194-A36C-F371AE01A7C5}.Debug|x86.Build.0 = Debug|x86
		{758AE6D5-2133-4194-A36C-F371AE01A7C5}.Documentation|Any CPU.ActiveCfg = Debug|Any CPU
		{758AE6D5-2133-4194-A36C-F371AE01A7C5}.Documentation|Any CPU.Build.0 = Debug|Any CPU
		{758AE6D5-2133-4194-A36C-F371AE01A7C5}.Documentation|x64.ActiveCfg = Debug|Any CPU
		{758AE6D5-2133-4194-A36C-F371AE01A7C5}.Documentation|x64.Build.0 = Debug|Any CPU
		{758AE6D5-2133-4194-A36C-F371AE01A7C5}.Documentation|x86.ActiveCfg = Debug|x86
		{758AE6D5-2133-4194-A36C-F371AE01A7C5}.Documentation|x86.Build.0 = Debug|x86
		{758AE6D5-2133-4194-A36C-F371AE01A7C5}.Release|Any CPU.ActiveCfg = Release|Any CPU
		{758AE6D5-2133-4194-A36C-F371AE01A7C5}.Release|Any CPU.Build.0 = Release|Any CPU
		{758AE6D5-2133-4194-A36C-F371AE01A7C5}.Release|x64.ActiveCfg = Release|Any CPU
		{758AE6D5-2133-4194-A36C-F371AE01A7C5}.Release|x64.Build.0 = Release|Any CPU
		{758AE6D5-2133-4194-A36C-F371AE01A7C5}.Release|x86.ActiveCfg = Release|x86
		{758AE6D5-2133-4194-A36C-F371AE01A7C5}.Release|x86.Build.0 = Release|x86
		{758AE6D5-2133-4194-A36C-F371AE01A7C5}.TestRelease|Any CPU.ActiveCfg = Release|Any CPU
		{758AE6D5-2133-4194-A36C-F371AE01A7C5}.TestRelease|Any CPU.Build.0 = Release|Any CPU
		{758AE6D5-2133-4194-A36C-F371AE01A7C5}.TestRelease|x64.ActiveCfg = Release|Any CPU
		{758AE6D5-2133-4194-A36C-F371AE01A7C5}.TestRelease|x64.Build.0 = Release|Any CPU
		{758AE6D5-2133-4194-A36C-F371AE01A7C5}.TestRelease|x86.ActiveCfg = Release|x86
		{758AE6D5-2133-4194-A36C-F371AE01A7C5}.TestRelease|x86.Build.0 = Release|x86
		{C4766086-7E0F-439E-9D24-E07993D3438B}.Debug|Any CPU.ActiveCfg = Debug|Any CPU
		{C4766086-7E0F-439E-9D24-E07993D3438B}.Debug|Any CPU.Build.0 = Debug|Any CPU
		{C4766086-7E0F-439E-9D24-E07993D3438B}.Debug|x64.ActiveCfg = Debug|Any CPU
		{C4766086-7E0F-439E-9D24-E07993D3438B}.Debug|x64.Build.0 = Debug|Any CPU
		{C4766086-7E0F-439E-9D24-E07993D3438B}.Debug|x86.ActiveCfg = Debug|x86
		{C4766086-7E0F-439E-9D24-E07993D3438B}.Debug|x86.Build.0 = Debug|x86
		{C4766086-7E0F-439E-9D24-E07993D3438B}.Documentation|Any CPU.ActiveCfg = Debug|Any CPU
		{C4766086-7E0F-439E-9D24-E07993D3438B}.Documentation|Any CPU.Build.0 = Debug|Any CPU
		{C4766086-7E0F-439E-9D24-E07993D3438B}.Documentation|x64.ActiveCfg = Debug|Any CPU
		{C4766086-7E0F-439E-9D24-E07993D3438B}.Documentation|x64.Build.0 = Debug|Any CPU
		{C4766086-7E0F-439E-9D24-E07993D3438B}.Documentation|x86.ActiveCfg = Debug|x86
		{C4766086-7E0F-439E-9D24-E07993D3438B}.Documentation|x86.Build.0 = Debug|x86
		{C4766086-7E0F-439E-9D24-E07993D3438B}.Release|Any CPU.ActiveCfg = Release|Any CPU
		{C4766086-7E0F-439E-9D24-E07993D3438B}.Release|Any CPU.Build.0 = Release|Any CPU
		{C4766086-7E0F-439E-9D24-E07993D3438B}.Release|x64.ActiveCfg = Release|Any CPU
		{C4766086-7E0F-439E-9D24-E07993D3438B}.Release|x64.Build.0 = Release|Any CPU
		{C4766086-7E0F-439E-9D24-E07993D3438B}.Release|x86.ActiveCfg = Release|x86
		{C4766086-7E0F-439E-9D24-E07993D3438B}.Release|x86.Build.0 = Release|x86
		{C4766086-7E0F-439E-9D24-E07993D3438B}.TestRelease|Any CPU.ActiveCfg = Release|Any CPU
		{C4766086-7E0F-439E-9D24-E07993D3438B}.TestRelease|Any CPU.Build.0 = Release|Any CPU
		{C4766086-7E0F-439E-9D24-E07993D3438B}.TestRelease|x64.ActiveCfg = Release|Any CPU
		{C4766086-7E0F-439E-9D24-E07993D3438B}.TestRelease|x64.Build.0 = Release|Any CPU
		{C4766086-7E0F-439E-9D24-E07993D3438B}.TestRelease|x86.ActiveCfg = Release|x86
		{C4766086-7E0F-439E-9D24-E07993D3438B}.TestRelease|x86.Build.0 = Release|x86
		{2E981767-915A-412B-A069-10AA5F423EBD}.Debug|Any CPU.ActiveCfg = Debug|Any CPU
		{2E981767-915A-412B-A069-10AA5F423EBD}.Debug|Any CPU.Build.0 = Debug|Any CPU
		{2E981767-915A-412B-A069-10AA5F423EBD}.Debug|x64.ActiveCfg = Debug|Any CPU
		{2E981767-915A-412B-A069-10AA5F423EBD}.Debug|x64.Build.0 = Debug|Any CPU
		{2E981767-915A-412B-A069-10AA5F423EBD}.Debug|x86.ActiveCfg = Debug|x86
		{2E981767-915A-412B-A069-10AA5F423EBD}.Debug|x86.Build.0 = Debug|x86
		{2E981767-915A-412B-A069-10AA5F423EBD}.Documentation|Any CPU.ActiveCfg = Debug|Any CPU
		{2E981767-915A-412B-A069-10AA5F423EBD}.Documentation|Any CPU.Build.0 = Debug|Any CPU
		{2E981767-915A-412B-A069-10AA5F423EBD}.Documentation|x64.ActiveCfg = Debug|Any CPU
		{2E981767-915A-412B-A069-10AA5F423EBD}.Documentation|x64.Build.0 = Debug|Any CPU
		{2E981767-915A-412B-A069-10AA5F423EBD}.Documentation|x86.ActiveCfg = Debug|x86
		{2E981767-915A-412B-A069-10AA5F423EBD}.Documentation|x86.Build.0 = Debug|x86
		{2E981767-915A-412B-A069-10AA5F423EBD}.Release|Any CPU.ActiveCfg = Release|Any CPU
		{2E981767-915A-412B-A069-10AA5F423EBD}.Release|Any CPU.Build.0 = Release|Any CPU
		{2E981767-915A-412B-A069-10AA5F423EBD}.Release|x64.ActiveCfg = Release|Any CPU
		{2E981767-915A-412B-A069-10AA5F423EBD}.Release|x64.Build.0 = Release|Any CPU
		{2E981767-915A-412B-A069-10AA5F423EBD}.Release|x86.ActiveCfg = Release|x86
		{2E981767-915A-412B-A069-10AA5F423EBD}.Release|x86.Build.0 = Release|x86
		{2E981767-915A-412B-A069-10AA5F423EBD}.TestRelease|Any CPU.ActiveCfg = Release|Any CPU
		{2E981767-915A-412B-A069-10AA5F423EBD}.TestRelease|Any CPU.Build.0 = Release|Any CPU
		{2E981767-915A-412B-A069-10AA5F423EBD}.TestRelease|x64.ActiveCfg = Release|Any CPU
		{2E981767-915A-412B-A069-10AA5F423EBD}.TestRelease|x64.Build.0 = Release|Any CPU
		{2E981767-915A-412B-A069-10AA5F423EBD}.TestRelease|x86.ActiveCfg = Release|x86
		{2E981767-915A-412B-A069-10AA5F423EBD}.TestRelease|x86.Build.0 = Release|x86
	EndGlobalSection
	GlobalSection(SolutionProperties) = preSolution
		HideSolutionNode = FALSE
	EndGlobalSection
	GlobalSection(ExtensibilityGlobals) = postSolution
		SolutionGuid = {F1A0F4E6-75C5-4BDE-84CB-65AB75BC1F1B}
	EndGlobalSection
	GlobalSection(MonoDevelopProperties) = preSolution
		StartupItem = BrawlCrate\BrawlCrate.csproj
	EndGlobalSection
EndGlobal
